Microsoft Visual Studio Solution File, Format Version 12.00
# Visual Studio Version 17
VisualStudioVersion = 17.5.2.0
MinimumVisualStudioVersion = 10.0.40219.1
Project("{FAE04EC0-301F-11D3-BF4B-00C04F79EFBC}") = "Estudos de C#", "Estudos-de-C-\Estudos de C#.csproj", "{357E3B36-18CC-39AF-9A77-CABD6BD7D77B}"
EndProject
Project("{FAE04EC0-301F-11D3-BF4B-00C04F79EFBC}") = "EstudosC#", "EstudosC#\EstudosC#.csproj", "{735EBB5C-656A-4DA3-8E54-D9C58D2F0337}"
EndProject
Project("{FAE04EC0-301F-11D3-BF4B-00C04F79EFBC}") = "TestesDeArray", "TestesDeArray\TestesDeArray.csproj", "{C3128EA3-1BA7-41C4-9C12-C87B7F2D2A79}"
EndProject
Global
	GlobalSection(SolutionConfigurationPlatforms) = preSolution
		Debug|Any CPU = Debug|Any CPU
		Release|Any CPU = Release|Any CPU
	EndGlobalSection
	GlobalSection(ProjectConfigurationPlatforms) = postSolution
		{357E3B36-18CC-39AF-9A77-CABD6BD7D77B}.Debug|Any CPU.ActiveCfg = Debug|Any CPU
		{357E3B36-18CC-39AF-9A77-CABD6BD7D77B}.Debug|Any CPU.Build.0 = Debug|Any CPU
		{357E3B36-18CC-39AF-9A77-CABD6BD7D77B}.Release|Any CPU.ActiveCfg = Release|Any CPU
		{357E3B36-18CC-39AF-9A77-CABD6BD7D77B}.Release|Any CPU.Build.0 = Release|Any CPU
		{735EBB5C-656A-4DA3-8E54-D9C58D2F0337}.Debug|Any CPU.ActiveCfg = Debug|Any CPU
		{735EBB5C-656A-4DA3-8E54-D9C58D2F0337}.Debug|Any CPU.Build.0 = Debug|Any CPU
		{735EBB5C-656A-4DA3-8E54-D9C58D2F0337}.Release|Any CPU.ActiveCfg = Release|Any CPU
		{735EBB5C-656A-4DA3-8E54-D9C58D2F0337}.Release|Any CPU.Build.0 = Release|Any CPU
		{C3128EA3-1BA7-41C4-9C12-C87B7F2D2A79}.Debug|Any CPU.ActiveCfg = Debug|Any CPU
		{C3128EA3-1BA7-41C4-9C12-C87B7F2D2A79}.Debug|Any CPU.Build.0 = Debug|Any CPU
		{C3128EA3-1BA7-41C4-9C12-C87B7F2D2A79}.Release|Any CPU.ActiveCfg = Release|Any CPU
		{C3128EA3-1BA7-41C4-9C12-C87B7F2D2A79}.Release|Any CPU.Build.0 = Release|Any CPU
	EndGlobalSection
	GlobalSection(SolutionProperties) = preSolution
		HideSolutionNode = FALSE
	EndGlobalSection
	GlobalSection(ExtensibilityGlobals) = postSolution
		SolutionGuid = {7B641C54-A22B-40A9-BA46-4D7AD7772E99}
	EndGlobalSection
EndGlobal
