Microsoft Visual Studio Solution File, Format Version 12.00
# Visual Studio Version 17
VisualStudioVersion = 17.5.2.0
MinimumVisualStudioVersion = 10.0.40219.1
Project("{FAE04EC0-301F-11D3-BF4B-00C04F79EFBC}") = "EstudosC#", "EstudosC#.csproj", "{4186D245-BEAA-84DC-F892-3C7F6399EA94}"
EndProject
Global
	GlobalSection(SolutionConfigurationPlatforms) = preSolution
		Debug|Any CPU = Debug|Any CPU
		Release|Any CPU = Release|Any CPU
	EndGlobalSection
	GlobalSection(ProjectConfigurationPlatforms) = postSolution
		{4186D245-BEAA-84DC-F892-3C7F6399EA94}.Debug|Any CPU.ActiveCfg = Debug|Any CPU
		{4186D245-BEAA-84DC-F892-3C7F6399EA94}.Debug|Any CPU.Build.0 = Debug|Any CPU
		{4186D245-BEAA-84DC-F892-3C7F6399EA94}.Release|Any CPU.ActiveCfg = Release|Any CPU
		{4186D245-BEAA-84DC-F892-3C7F6399EA94}.Release|Any CPU.Build.0 = Release|Any CPU
	EndGlobalSection
	GlobalSection(SolutionProperties) = preSolution
		HideSolutionNode = FALSE
	EndGlobalSection
	GlobalSection(ExtensibilityGlobals) = postSolution
		SolutionGuid = {3DE3D0F4-333B-4446-A081-43CB0B079704}
	EndGlobalSection
EndGlobal
